
Microsoft Visual Studio Solution File, Format Version 12.00
# Visual Studio Version 17
VisualStudioVersion = 17.6.33801.468
MinimumVisualStudioVersion = 10.0.40219.1
Project("{888888A0-9F3D-457C-B088-3A5042F75D52}") = "AGV", "AGV\AGV.pyproj", "{E67AD0BF-B242-4C24-B01C-2D51E418D58C}"
EndProject
Global
	GlobalSection(SolutionConfigurationPlatforms) = preSolution
		Debug|Any CPU = Debug|Any CPU
		Release|Any CPU = Release|Any CPU
	EndGlobalSection
	GlobalSection(ProjectConfigurationPlatforms) = postSolution
		{E67AD0BF-B242-4C24-B01C-2D51E418D58C}.Debug|Any CPU.ActiveCfg = Debug|Any CPU
		{E67AD0BF-B242-4C24-B01C-2D51E418D58C}.Release|Any CPU.ActiveCfg = Release|Any CPU
	EndGlobalSection
	GlobalSection(SolutionProperties) = preSolution
		HideSolutionNode = FALSE
	EndGlobalSection
	GlobalSection(ExtensibilityGlobals) = postSolution
		SolutionGuid = {26D4CF48-3538-4FB5-8C89-CAFB0AC90112}
	EndGlobalSection
EndGlobal
